Microsoft Visual Studio Solution File, Format Version 12.00
# Visual Studio Version 17
VisualStudioVersion = 17.5.2.0
MinimumVisualStudioVersion = 10.0.40219.1
Project("{2150E333-8FDC-42A3-9474-1A3956D46DE8}") = "microservices", "microservices", "{8A367DDA-5161-A942-4F09-60E4726C9306}"
EndProject
Project("{2150E333-8FDC-42A3-9474-1A3956D46DE8}") = "lecture69", "lecture69", "{E49547D7-310F-47CB-3526-0FC7B4FC1899}"
EndProject
Project("{FAE04EC0-301F-11D3-BF4B-00C04F79EFBC}") = "ProductService", "microservices\lecture69\ProductService\ProductService.csproj", "{B7990CAE-186F-95BD-77FF-016A6A8DEB5B}"
EndProject
Global
	GlobalSection(SolutionConfigurationPlatforms) = preSolution
		Debug|Any CPU = Debug|Any CPU
		Release|Any CPU = Release|Any CPU
	EndGlobalSection
	GlobalSection(ProjectConfigurationPlatforms) = postSolution
		{B7990CAE-186F-95BD-77FF-016A6A8DEB5B}.Debug|Any CPU.ActiveCfg = Debug|Any CPU
		{B7990CAE-186F-95BD-77FF-016A6A8DEB5B}.Debug|Any CPU.Build.0 = Debug|Any CPU
		{B7990CAE-186F-95BD-77FF-016A6A8DEB5B}.Release|Any CPU.ActiveCfg = Release|Any CPU
		{B7990CAE-186F-95BD-77FF-016A6A8DEB5B}.Release|Any CPU.Build.0 = Release|Any CPU
	EndGlobalSection
	GlobalSection(SolutionProperties) = preSolution
		HideSolutionNode = FALSE
	EndGlobalSection
	GlobalSection(NestedProjects) = preSolution
		{E49547D7-310F-47CB-3526-0FC7B4FC1899} = {8A367DDA-5161-A942-4F09-60E4726C9306}
		{B7990CAE-186F-95BD-77FF-016A6A8DEB5B} = {E49547D7-310F-47CB-3526-0FC7B4FC1899}
	EndGlobalSection
	GlobalSection(ExtensibilityGlobals) = postSolution
		SolutionGuid = {C50F95C5-B1CC-4B4D-BEB5-9C2B976EC058}
	EndGlobalSection
EndGlobal
